
Microsoft Visual Studio Solution File, Format Version 12.00
# Visual Studio 2013
VisualStudioVersion = 12.0.31101.0
MinimumVisualStudioVersion = 10.0.40219.1
Project("{FAE04EC0-301F-11D3-BF4B-00C04F79EFBC}") = "SmappeePrototype", "SmappeePrototype\SmappeePrototype.csproj", "{37BAF404-8CCC-4CA1-996E-6A1794F18AA1}"
EndProject
Project("{FAE04EC0-301F-11D3-BF4B-00C04F79EFBC}") = "SmappeeAPITD", "SmappeeAPITD\SmappeeAPITD.csproj", "{67450B03-EF26-43FA-8296-4C29FCCD6122}"
EndProject
Global
	GlobalSection(SolutionConfigurationPlatforms) = preSolution
		Debug|Any CPU = Debug|Any CPU
		Release|Any CPU = Release|Any CPU
	EndGlobalSection
	GlobalSection(ProjectConfigurationPlatforms) = postSolution
		{37BAF404-8CCC-4CA1-996E-6A1794F18AA1}.Debug|Any CPU.ActiveCfg = Debug|Any CPU
		{37BAF404-8CCC-4CA1-996E-6A1794F18AA1}.Debug|Any CPU.Build.0 = Debug|Any CPU
		{37BAF404-8CCC-4CA1-996E-6A1794F18AA1}.Release|Any CPU.ActiveCfg = Release|Any CPU
		{37BAF404-8CCC-4CA1-996E-6A1794F18AA1}.Release|Any CPU.Build.0 = Release|Any CPU
		{67450B03-EF26-43FA-8296-4C29FCCD6122}.Debug|Any CPU.ActiveCfg = Debug|Any CPU
		{67450B03-EF26-43FA-8296-4C29FCCD6122}.Debug|Any CPU.Build.0 = Debug|Any CPU
		{67450B03-EF26-43FA-8296-4C29FCCD6122}.Release|Any CPU.ActiveCfg = Release|Any CPU
		{67450B03-EF26-43FA-8296-4C29FCCD6122}.Release|Any CPU.Build.0 = Release|Any CPU
	EndGlobalSection
	GlobalSection(SolutionProperties) = preSolution
		HideSolutionNode = FALSE
	EndGlobalSection
EndGlobal
